# This file is automatically @generated by Poetry 1.8.2 and should not be changed by hand.

[[package]]
name = "tomlkit"
version = "0.12.4"
description = "Style preserving TOML library"
optional = false
python-versions = ">=3.7"
files = [
    {file = "tomlkit-0.12.4-py3-none-any.whl", hash = "sha256:5cd82d48a3dd89dee1f9d64420aa20ae65cfbd00668d6f094d7578a78efbb77b"},
    {file = "tomlkit-0.12.4.tar.gz", hash = "sha256:7ca1cfc12232806517a8515047ba66a19369e71edf2439d0f5824f91032b6cc3"},
]

[metadata]
lock-version = "2.0"
python-versions = "^3.9"
content-hash = "51a03ee3e0a6a98a47d372ddda1d6f23390988f881583346a47b5135acf035ae"
