# This file is automatically @generated by Poetry 1.8.3 and should not be changed by hand.

[[package]]
name = "tomlkit"
version = "0.12.5"
description = "Style preserving TOML library"
optional = false
python-versions = ">=3.7"
files = [
    {file = "tomlkit-0.12.5-py3-none-any.whl", hash = "sha256:af914f5a9c59ed9d0762c7b64d3b5d5df007448eb9cd2edc8a46b1eafead172f"},
    {file = "tomlkit-0.12.5.tar.gz", hash = "sha256:eef34fba39834d4d6b73c9ba7f3e4d1c417a4e56f89a7e96e090dd0d24b8fb3c"},
]

[metadata]
lock-version = "2.0"
python-versions = "^3.9"
content-hash = "51a03ee3e0a6a98a47d372ddda1d6f23390988f881583346a47b5135acf035ae"
