# This file is automatically @generated by Poetry 1.7.1 and should not be changed by hand.

[[package]]
name = "editables"
version = "0.5"
description = "Editable installations"
optional = false
python-versions = ">=3.7"
files = [
    {file = "editables-0.5-py3-none-any.whl", hash = "sha256:61e5ffa82629e0d8bfe09bc44a07db3c1ab8ed1ce78a6980732870f19b5e7d4c"},
    {file = "editables-0.5.tar.gz", hash = "sha256:309627d9b5c4adc0e668d8c6fa7bac1ba7c8c5d415c2d27f60f081f8e80d1de2"},
]

[[package]]
name = "hatchling"
version = "1.21.0"
description = "Modern, extensible Python build backend"
optional = false
python-versions = ">=3.8"
files = [
    {file = "hatchling-1.21.0-py3-none-any.whl", hash = "sha256:b33ef0ecdee6dbfd28c21ca30df459ba1d566050d033f8b5a1d0e26e5606d26b"},
    {file = "hatchling-1.21.0.tar.gz", hash = "sha256:5c086772357a50723b825fd5da5278ac7e3697cdf7797d07541a6c90b6ff754c"},
]

[package.dependencies]
editables = ">=0.3"
packaging = ">=21.3"
pathspec = ">=0.10.1"
pluggy = ">=1.0.0"
tomli = {version = ">=1.2.2", markers = "python_version < \"3.11\""}
trove-classifiers = "*"

[[package]]
name = "packaging"
version = "23.2"
description = "Core utilities for Python packages"
optional = false
python-versions = ">=3.7"
files = [
    {file = "packaging-23.2-py3-none-any.whl", hash = "sha256:8c491190033a9af7e1d931d0b5dacc2ef47509b34dd0de67ed209b5203fc88c7"},
    {file = "packaging-23.2.tar.gz", hash = "sha256:048fb0e9405036518eaaf48a55953c750c11e1a1b68e0dd1a9d62ed0c092cfc5"},
]

[[package]]
name = "pathspec"
version = "0.12.1"
description = "Utility library for gitignore style pattern matching of file paths."
optional = false
python-versions = ">=3.8"
files = [
    {file = "pathspec-0.12.1-py3-none-any.whl", hash = "sha256:a0d503e138a4c123b27490a4f7beda6a01c6f288df0e4a8b79c7eb0dc7b4cc08"},
    {file = "pathspec-0.12.1.tar.gz", hash = "sha256:a482d51503a1ab33b1c67a6c3813a26953dbdc71c31dacaef9a838c4e29f5712"},
]

[[package]]
name = "pluggy"
version = "1.3.0"
description = "plugin and hook calling mechanisms for python"
optional = false
python-versions = ">=3.8"
files = [
    {file = "pluggy-1.3.0-py3-none-any.whl", hash = "sha256:d89c696a773f8bd377d18e5ecda92b7a3793cbe66c87060a6fb58c7b6e1061f7"},
    {file = "pluggy-1.3.0.tar.gz", hash = "sha256:cf61ae8f126ac6f7c451172cf30e3e43d3ca77615509771b3a984a0730651e12"},
]

[package.extras]
dev = ["pre-commit", "tox"]
testing = ["pytest", "pytest-benchmark"]

[[package]]
name = "tomli"
version = "2.0.1"
description = "A lil' TOML parser"
optional = false
python-versions = ">=3.7"
files = [
    {file = "tomli-2.0.1-py3-none-any.whl", hash = "sha256:939de3e7a6161af0c887ef91b7d41a53e7c5a1ca976325f429cb46ea9bc30ecc"},
    {file = "tomli-2.0.1.tar.gz", hash = "sha256:de526c12914f0c550d15924c62d72abc48d6fe7364aa87328337a31007fe8a4f"},
]

[[package]]
name = "tomlkit"
version = "0.11.8"
description = "Style preserving TOML library"
optional = false
python-versions = ">=3.7"
files = [
    {file = "tomlkit-0.11.8-py3-none-any.whl", hash = "sha256:8c726c4c202bdb148667835f68d68780b9a003a9ec34167b6c673b38eff2a171"},
    {file = "tomlkit-0.11.8.tar.gz", hash = "sha256:9330fc7faa1db67b541b28e62018c17d20be733177d290a13b24c62d1614e0c3"},
]

[[package]]
name = "trove-classifiers"
version = "2024.1.8"
description = "Canonical source for classifiers on PyPI (pypi.org)."
optional = false
python-versions = "*"
files = [
    {file = "trove-classifiers-2024.1.8.tar.gz", hash = "sha256:6e36caf430ff6485c4b57a4c6b364a13f6a898d16b9417c6c37467e59c14b05a"},
    {file = "trove_classifiers-2024.1.8-py3-none-any.whl", hash = "sha256:3c1ff4deb10149c7e39ede6e5bbc107def64362ef1ee7590ec98d71fb92f1b6a"},
]

[metadata]
lock-version = "2.0"
python-versions = "^3.9"
content-hash = "61ff7a63aa1cdfe6013883c24b99315fcea1a06175fa46214c2437fc0b3bd7e4"
