# This file is automatically @generated by Poetry 1.8.3 and should not be changed by hand.

[[package]]
name = "hatchling"
version = "1.25.0"
description = "Modern, extensible Python build backend"
optional = false
python-versions = ">=3.8"
files = [
    {file = "hatchling-1.25.0-py3-none-any.whl", hash = "sha256:b47948e45d4d973034584dd4cb39c14b6a70227cf287ab7ec0ad7983408a882c"},
    {file = "hatchling-1.25.0.tar.gz", hash = "sha256:7064631a512610b52250a4d3ff1bd81551d6d1431c4eb7b72e734df6c74f4262"},
]

[package.dependencies]
packaging = ">=23.2"
pathspec = ">=0.10.1"
pluggy = ">=1.0.0"
tomli = {version = ">=1.2.2", markers = "python_version < \"3.11\""}
trove-classifiers = "*"

[[package]]
name = "packaging"
version = "24.1"
description = "Core utilities for Python packages"
optional = false
python-versions = ">=3.8"
files = [
    {file = "packaging-24.1-py3-none-any.whl", hash = "sha256:5b8f2217dbdbd2f7f384c41c628544e6d52f2d0f53c6d0c3ea61aa5d1d7ff124"},
    {file = "packaging-24.1.tar.gz", hash = "sha256:026ed72c8ed3fcce5bf8950572258698927fd1dbda10a5e981cdf0ac37f4f002"},
]

[[package]]
name = "pathspec"
version = "0.12.1"
description = "Utility library for gitignore style pattern matching of file paths."
optional = false
python-versions = ">=3.8"
files = [
    {file = "pathspec-0.12.1-py3-none-any.whl", hash = "sha256:a0d503e138a4c123b27490a4f7beda6a01c6f288df0e4a8b79c7eb0dc7b4cc08"},
    {file = "pathspec-0.12.1.tar.gz", hash = "sha256:a482d51503a1ab33b1c67a6c3813a26953dbdc71c31dacaef9a838c4e29f5712"},
]

[[package]]
name = "pluggy"
version = "1.5.0"
description = "plugin and hook calling mechanisms for python"
optional = false
python-versions = ">=3.8"
files = [
    {file = "pluggy-1.5.0-py3-none-any.whl", hash = "sha256:44e1ad92c8ca002de6377e165f3e0f1be63266ab4d554740532335b9d75ea669"},
    {file = "pluggy-1.5.0.tar.gz", hash = "sha256:2cffa88e94fdc978c4c574f15f9e59b7f4201d439195c3715ca9e2486f1d0cf1"},
]

[package.extras]
dev = ["pre-commit", "tox"]
testing = ["pytest", "pytest-benchmark"]

[[package]]
name = "tomli"
version = "2.0.1"
description = "A lil' TOML parser"
optional = false
python-versions = ">=3.7"
files = [
    {file = "tomli-2.0.1-py3-none-any.whl", hash = "sha256:939de3e7a6161af0c887ef91b7d41a53e7c5a1ca976325f429cb46ea9bc30ecc"},
    {file = "tomli-2.0.1.tar.gz", hash = "sha256:de526c12914f0c550d15924c62d72abc48d6fe7364aa87328337a31007fe8a4f"},
]

[[package]]
name = "tomlkit"
version = "0.12.5"
description = "Style preserving TOML library"
optional = false
python-versions = ">=3.7"
files = [
    {file = "tomlkit-0.12.5-py3-none-any.whl", hash = "sha256:af914f5a9c59ed9d0762c7b64d3b5d5df007448eb9cd2edc8a46b1eafead172f"},
    {file = "tomlkit-0.12.5.tar.gz", hash = "sha256:eef34fba39834d4d6b73c9ba7f3e4d1c417a4e56f89a7e96e090dd0d24b8fb3c"},
]

[[package]]
name = "trove-classifiers"
version = "2024.7.2"
description = "Canonical source for classifiers on PyPI (pypi.org)."
optional = false
python-versions = "*"
files = [
    {file = "trove_classifiers-2024.7.2-py3-none-any.whl", hash = "sha256:ccc57a33717644df4daca018e7ec3ef57a835c48e96a1e71fc07eb7edac67af6"},
    {file = "trove_classifiers-2024.7.2.tar.gz", hash = "sha256:8328f2ac2ce3fd773cbb37c765a0ed7a83f89dc564c7d452f039b69249d0ac35"},
]

[metadata]
lock-version = "2.0"
python-versions = "^3.9"
content-hash = "459af54d3cda5cbaa5534380d86443a14ecec4ed2d44f39875ad9680bdae29a4"
