# This file is automatically @generated by Poetry 1.8.2 and should not be changed by hand.

[[package]]
name = "hatchling"
version = "1.22.5"
description = "Modern, extensible Python build backend"
optional = false
python-versions = ">=3.8"
files = [
    {file = "hatchling-1.22.5-py3-none-any.whl", hash = "sha256:30ec7ee09f6e17b73257eedfd7f5bb5a9b028a6cf6d144d9faad1d826fa203b8"},
    {file = "hatchling-1.22.5.tar.gz", hash = "sha256:ca260a5adad376563dcd5df799e79ec1d5c0a3be41e2fbe335613c451772b09e"},
]

[package.dependencies]
packaging = ">=21.3"
pathspec = ">=0.10.1"
pluggy = ">=1.0.0"
tomli = {version = ">=1.2.2", markers = "python_version < \"3.11\""}
trove-classifiers = "*"

[[package]]
name = "packaging"
version = "24.0"
description = "Core utilities for Python packages"
optional = false
python-versions = ">=3.7"
files = [
    {file = "packaging-24.0-py3-none-any.whl", hash = "sha256:2ddfb553fdf02fb784c234c7ba6ccc288296ceabec964ad2eae3777778130bc5"},
    {file = "packaging-24.0.tar.gz", hash = "sha256:eb82c5e3e56209074766e6885bb04b8c38a0c015d0a30036ebe7ece34c9989e9"},
]

[[package]]
name = "pathspec"
version = "0.12.1"
description = "Utility library for gitignore style pattern matching of file paths."
optional = false
python-versions = ">=3.8"
files = [
    {file = "pathspec-0.12.1-py3-none-any.whl", hash = "sha256:a0d503e138a4c123b27490a4f7beda6a01c6f288df0e4a8b79c7eb0dc7b4cc08"},
    {file = "pathspec-0.12.1.tar.gz", hash = "sha256:a482d51503a1ab33b1c67a6c3813a26953dbdc71c31dacaef9a838c4e29f5712"},
]

[[package]]
name = "pluggy"
version = "1.4.0"
description = "plugin and hook calling mechanisms for python"
optional = false
python-versions = ">=3.8"
files = [
    {file = "pluggy-1.4.0-py3-none-any.whl", hash = "sha256:7db9f7b503d67d1c5b95f59773ebb58a8c1c288129a88665838012cfb07b8981"},
    {file = "pluggy-1.4.0.tar.gz", hash = "sha256:8c85c2876142a764e5b7548e7d9a0e0ddb46f5185161049a79b7e974454223be"},
]

[package.extras]
dev = ["pre-commit", "tox"]
testing = ["pytest", "pytest-benchmark"]

[[package]]
name = "tomli"
version = "2.0.1"
description = "A lil' TOML parser"
optional = false
python-versions = ">=3.7"
files = [
    {file = "tomli-2.0.1-py3-none-any.whl", hash = "sha256:939de3e7a6161af0c887ef91b7d41a53e7c5a1ca976325f429cb46ea9bc30ecc"},
    {file = "tomli-2.0.1.tar.gz", hash = "sha256:de526c12914f0c550d15924c62d72abc48d6fe7364aa87328337a31007fe8a4f"},
]

[[package]]
name = "tomlkit"
version = "0.12.4"
description = "Style preserving TOML library"
optional = false
python-versions = ">=3.7"
files = [
    {file = "tomlkit-0.12.4-py3-none-any.whl", hash = "sha256:5cd82d48a3dd89dee1f9d64420aa20ae65cfbd00668d6f094d7578a78efbb77b"},
    {file = "tomlkit-0.12.4.tar.gz", hash = "sha256:7ca1cfc12232806517a8515047ba66a19369e71edf2439d0f5824f91032b6cc3"},
]

[[package]]
name = "trove-classifiers"
version = "2024.4.10"
description = "Canonical source for classifiers on PyPI (pypi.org)."
optional = false
python-versions = "*"
files = [
    {file = "trove-classifiers-2024.4.10.tar.gz", hash = "sha256:49f40bb6a746b72a1cba4f8d55ee8252169cda0f70802e3fd24f04b7fb25a492"},
    {file = "trove_classifiers-2024.4.10-py3-none-any.whl", hash = "sha256:678bd6fcc5218d72e3304e27a608acc9b91e17bd00c3f3d8c968497c843ad98b"},
]

[metadata]
lock-version = "2.0"
python-versions = "^3.9"
content-hash = "459af54d3cda5cbaa5534380d86443a14ecec4ed2d44f39875ad9680bdae29a4"
