# This file is automatically @generated by Poetry 1.7.1 and should not be changed by hand.

[[package]]
name = "tomlkit"
version = "0.11.8"
description = "Style preserving TOML library"
optional = false
python-versions = ">=3.7"
files = [
    {file = "tomlkit-0.11.8-py3-none-any.whl", hash = "sha256:8c726c4c202bdb148667835f68d68780b9a003a9ec34167b6c673b38eff2a171"},
    {file = "tomlkit-0.11.8.tar.gz", hash = "sha256:9330fc7faa1db67b541b28e62018c17d20be733177d290a13b24c62d1614e0c3"},
]

[metadata]
lock-version = "2.0"
python-versions = "^3.9"
content-hash = "0d1c25c8e15e0ca2a5cc97fce19b1c931a1fc9aad76a3a3df58d02504fee156f"
